
Microsoft Visual Studio Solution File, Format Version 12.00
# Visual Studio 2013
VisualStudioVersion = 12.0.31101.0
MinimumVisualStudioVersion = 10.0.40219.1
Project("{FAE04EC0-301F-11D3-BF4B-00C04F79EFBC}") = "WanderingTurtle.BusinessLogic", "com.WanderingTurtle\WanderingTurtle.BusinessLogic.csproj", "{825BA7B8-C006-4EF9-B596-700B863A2296}"
EndProject
Project("{FAE04EC0-301F-11D3-BF4B-00C04F79EFBC}") = "WanderingTurtle.DataAccess", "com.WanderingTurtle.DataAccess\WanderingTurtle.DataAccess.csproj", "{49D534C8-8BF7-4624-873C-4809D555BC99}"
EndProject
Project("{FAE04EC0-301F-11D3-BF4B-00C04F79EFBC}") = "WanderingTurtle.Common", "com.WanderingTurtle.Common\WanderingTurtle.Common.csproj", "{B27EA16A-C7D9-4664-A33E-50F4C7C1E166}"
EndProject
Project("{FAE04EC0-301F-11D3-BF4B-00C04F79EFBC}") = "WanderingTurtle.FormPresentation", "com.WanderingTurtle.FormPresentation\WanderingTurtle.FormPresentation.csproj", "{347D0A6F-3698-4E42-AACE-CA07F1168701}"
EndProject
Project("{00D1A9C2-B5F0-4AF3-8072-F6C62B433612}") = "WanderingTurtle.EventDatabase", "com.WanderingTurtle.EventDatabase\WanderingTurtle.EventDatabase.sqlproj", "{4D1FFEF7-1B8A-44A6-9E03-7104E2C354B6}"
EndProject
Project("{2150E333-8FDC-42A3-9474-1A3956D46DE8}") = "NoLongerNeeded", "NoLongerNeeded", "{73D0F04F-D745-44FA-9968-F60D5AACB181}"
	ProjectSection(SolutionItems) = preProject
		com.WanderingTurtle.Common\BookingLineItem.cs = com.WanderingTurtle.Common\BookingLineItem.cs
		com.WanderingTurtle.DataAccess\BookingLineItemAccessor.cs = com.WanderingTurtle.DataAccess\BookingLineItemAccessor.cs
		com.WanderingTurtle.FormPresentation\ListBookings.xaml = com.WanderingTurtle.FormPresentation\ListBookings.xaml
		com.WanderingTurtle.FormPresentation\ListBookings.xaml.cs = com.WanderingTurtle.FormPresentation\ListBookings.xaml.cs
		com.WanderingTurtle.FormPresentation\ListingList.xaml = com.WanderingTurtle.FormPresentation\ListingList.xaml
		com.WanderingTurtle.FormPresentation\ListingList.xaml.cs = com.WanderingTurtle.FormPresentation\ListingList.xaml.cs
		com.WanderingTurtle.FormPresentation\ListInvoices.xaml = com.WanderingTurtle.FormPresentation\ListInvoices.xaml
		com.WanderingTurtle.FormPresentation\ListInvoices.xaml.cs = com.WanderingTurtle.FormPresentation\ListInvoices.xaml.cs
		com.WanderingTurtle.FormPresentation\Lists.xaml = com.WanderingTurtle.FormPresentation\Lists.xaml
		com.WanderingTurtle.FormPresentation\Lists.xaml.cs = com.WanderingTurtle.FormPresentation\Lists.xaml.cs
		com.WanderingTurtle.FormPresentation\ListsPopUp.xaml = com.WanderingTurtle.FormPresentation\ListsPopUp.xaml
		com.WanderingTurtle.FormPresentation\ListsPopUp.xaml.cs = com.WanderingTurtle.FormPresentation\ListsPopUp.xaml.cs
		com.WanderingTurtle.EventDatabase\dbo\Stored Procedures\spDeleteBooking.sql = com.WanderingTurtle.EventDatabase\dbo\Stored Procedures\spDeleteBooking.sql
		com.WanderingTurtle.EventDatabase\dbo\Stored Procedures\spUserLoginAdd.sql = com.WanderingTurtle.EventDatabase\dbo\Stored Procedures\spUserLoginAdd.sql
		com.WanderingTurtle.EventDatabase\dbo\Stored Procedures\spUserLoginGet.sql = com.WanderingTurtle.EventDatabase\dbo\Stored Procedures\spUserLoginGet.sql
		com.WanderingTurtle.EventDatabase\dbo\Stored Procedures\spUserLoginGetList.sql = com.WanderingTurtle.EventDatabase\dbo\Stored Procedures\spUserLoginGetList.sql
		com.WanderingTurtle.EventDatabase\dbo\Stored Procedures\spUserLoginUpdate.sql = com.WanderingTurtle.EventDatabase\dbo\Stored Procedures\spUserLoginUpdate.sql
		com.WanderingTurtle.EventDatabase\dbo\Tables\UserLogin.sql = com.WanderingTurtle.EventDatabase\dbo\Tables\UserLogin.sql
	EndProjectSection
EndProject
Project("{2150E333-8FDC-42A3-9474-1A3956D46DE8}") = "Problem Code", "Problem Code", "{78738C71-D7C3-4536-B6FB-D371B918B2DE}"
EndProject
Project("{FAE04EC0-301F-11D3-BF4B-00C04F79EFBC}") = "WanderingTurtle.Web", "com.WanderingTurtle.Web\WanderingTurtle.Web.csproj", "{AA6DCDC1-4DB8-4B80-8AFA-F544F5A2EA21}"
EndProject
Project("{2150E333-8FDC-42A3-9474-1A3956D46DE8}") = "HelpfulStuff", "HelpfulStuff", "{46309D78-9A21-4137-8FA4-1F08E5A508E9}"
	ProjectSection(SolutionItems) = preProject
		ErrorLogicTips.txt = ErrorLogicTips.txt
		.nuget\NuGet.targets = .nuget\NuGet.targets
		StandardizedComments.txt = StandardizedComments.txt
		WhatIsDone.txt = WhatIsDone.txt
	EndProjectSection
EndProject
Project("{FAE04EC0-301F-11D3-BF4B-00C04F79EFBC}") = "WanderingTurtle.Tests", "com.WanderingTurtle.Tests\WanderingTurtle.Tests.csproj", "{439EFA86-1679-4625-8508-0158763E47AC}"
EndProject
Project("{2150E333-8FDC-42A3-9474-1A3956D46DE8}") = ".nuget", ".nuget", "{8C3B7ADF-8710-4EE9-8C58-D9092BEEEBCD}"
	ProjectSection(SolutionItems) = preProject
		.nuget\NuGet.Config = .nuget\NuGet.Config
		.nuget\NuGet.exe = .nuget\NuGet.exe
		.nuget\NuGet.targets = .nuget\NuGet.targets
	EndProjectSection
EndProject
Project("{FAE04EC0-301F-11D3-BF4B-00C04F79EFBC}") = "WanderingTurtle.UXTesting", "UXTesting\WanderingTurtle.UXTesting.csproj", "{12FF0F7D-9E25-4B71-B0C1-2790EB07ACE4}"
EndProject
Global
	GlobalSection(SolutionConfigurationPlatforms) = preSolution
		Debug|Any CPU = Debug|Any CPU
		Release|Any CPU = Release|Any CPU
	EndGlobalSection
	GlobalSection(ProjectConfigurationPlatforms) = postSolution
		{825BA7B8-C006-4EF9-B596-700B863A2296}.Debug|Any CPU.ActiveCfg = Debug|Any CPU
		{825BA7B8-C006-4EF9-B596-700B863A2296}.Debug|Any CPU.Build.0 = Debug|Any CPU
		{825BA7B8-C006-4EF9-B596-700B863A2296}.Release|Any CPU.ActiveCfg = Release|Any CPU
		{825BA7B8-C006-4EF9-B596-700B863A2296}.Release|Any CPU.Build.0 = Release|Any CPU
		{49D534C8-8BF7-4624-873C-4809D555BC99}.Debug|Any CPU.ActiveCfg = Debug|Any CPU
		{49D534C8-8BF7-4624-873C-4809D555BC99}.Debug|Any CPU.Build.0 = Debug|Any CPU
		{49D534C8-8BF7-4624-873C-4809D555BC99}.Release|Any CPU.ActiveCfg = Release|Any CPU
		{49D534C8-8BF7-4624-873C-4809D555BC99}.Release|Any CPU.Build.0 = Release|Any CPU
		{B27EA16A-C7D9-4664-A33E-50F4C7C1E166}.Debug|Any CPU.ActiveCfg = Debug|Any CPU
		{B27EA16A-C7D9-4664-A33E-50F4C7C1E166}.Debug|Any CPU.Build.0 = Debug|Any CPU
		{B27EA16A-C7D9-4664-A33E-50F4C7C1E166}.Release|Any CPU.ActiveCfg = Release|Any CPU
		{B27EA16A-C7D9-4664-A33E-50F4C7C1E166}.Release|Any CPU.Build.0 = Release|Any CPU
		{347D0A6F-3698-4E42-AACE-CA07F1168701}.Debug|Any CPU.ActiveCfg = Debug|Any CPU
		{347D0A6F-3698-4E42-AACE-CA07F1168701}.Debug|Any CPU.Build.0 = Debug|Any CPU
		{347D0A6F-3698-4E42-AACE-CA07F1168701}.Release|Any CPU.ActiveCfg = Release|Any CPU
		{347D0A6F-3698-4E42-AACE-CA07F1168701}.Release|Any CPU.Build.0 = Release|Any CPU
		{4D1FFEF7-1B8A-44A6-9E03-7104E2C354B6}.Debug|Any CPU.ActiveCfg = Debug|Any CPU
		{4D1FFEF7-1B8A-44A6-9E03-7104E2C354B6}.Debug|Any CPU.Build.0 = Debug|Any CPU
		{4D1FFEF7-1B8A-44A6-9E03-7104E2C354B6}.Debug|Any CPU.Deploy.0 = Debug|Any CPU
		{4D1FFEF7-1B8A-44A6-9E03-7104E2C354B6}.Release|Any CPU.ActiveCfg = Release|Any CPU
		{4D1FFEF7-1B8A-44A6-9E03-7104E2C354B6}.Release|Any CPU.Build.0 = Release|Any CPU
		{4D1FFEF7-1B8A-44A6-9E03-7104E2C354B6}.Release|Any CPU.Deploy.0 = Release|Any CPU
		{AA6DCDC1-4DB8-4B80-8AFA-F544F5A2EA21}.Debug|Any CPU.ActiveCfg = Debug|Any CPU
		{AA6DCDC1-4DB8-4B80-8AFA-F544F5A2EA21}.Debug|Any CPU.Build.0 = Debug|Any CPU
		{AA6DCDC1-4DB8-4B80-8AFA-F544F5A2EA21}.Release|Any CPU.ActiveCfg = Release|Any CPU
		{AA6DCDC1-4DB8-4B80-8AFA-F544F5A2EA21}.Release|Any CPU.Build.0 = Release|Any CPU
		{439EFA86-1679-4625-8508-0158763E47AC}.Debug|Any CPU.ActiveCfg = Debug|Any CPU
		{439EFA86-1679-4625-8508-0158763E47AC}.Debug|Any CPU.Build.0 = Debug|Any CPU
		{439EFA86-1679-4625-8508-0158763E47AC}.Release|Any CPU.ActiveCfg = Release|Any CPU
		{439EFA86-1679-4625-8508-0158763E47AC}.Release|Any CPU.Build.0 = Release|Any CPU
		{12FF0F7D-9E25-4B71-B0C1-2790EB07ACE4}.Debug|Any CPU.ActiveCfg = Debug|Any CPU
		{12FF0F7D-9E25-4B71-B0C1-2790EB07ACE4}.Debug|Any CPU.Build.0 = Debug|Any CPU
		{12FF0F7D-9E25-4B71-B0C1-2790EB07ACE4}.Release|Any CPU.ActiveCfg = Release|Any CPU
		{12FF0F7D-9E25-4B71-B0C1-2790EB07ACE4}.Release|Any CPU.Build.0 = Release|Any CPU
	EndGlobalSection
	GlobalSection(SolutionProperties) = preSolution
		HideSolutionNode = FALSE
	EndGlobalSection
EndGlobal
